PODS:
  - ALCameraViewController (3.1)
  - FlexibleImage (1.10)
  - Google-Mobile-Ads-SDK (7.58.0):
    - GoogleAppMeasurement (~> 6.0)
  - GoogleAppMeasurement (6.4.2):
    - GoogleUtilities/AppDelegateSwizzler (~> 6.0)
    - GoogleUtilities/MethodSwizzler (~> 6.0)
    - GoogleUtilities/Network (~> 6.0)
    - "GoogleUtilities/NSData+zlib (~> 6.0)"
    - nanopb (= 0.3.9011)
  - GoogleUtilities/AppDelegateSwizzler (6.6.0):
    - GoogleUtilities/Environment
    - GoogleUtilities/Logger
    - GoogleUtilities/Network
  - GoogleUtilities/Environment (6.6.0):
    - PromisesObjC (~> 1.2)
  - GoogleUtilities/Logger (6.6.0):
    - GoogleUtilities/Environment
  - GoogleUtilities/MethodSwizzler (6.6.0):
    - GoogleUtilities/Logger
  - GoogleUtilities/Network (6.6.0):
    - GoogleUtilities/Logger
    - "GoogleUtilities/NSData+zlib"
    - GoogleUtilities/Reachability
  - "GoogleUtilities/NSData+zlib (6.6.0)"
  - GoogleUtilities/Reachability (6.6.0):
    - GoogleUtilities/Logger
  - ImageDetect (1.1.4)
  - IQKeyboardManagerSwift (6.5.4)
  - LGButton (1.1.6)
  - nanopb (0.3.9011):
    - nanopb/decode (= 0.3.9011)
    - nanopb/encode (= 0.3.9011)
  - nanopb/decode (0.3.9011)
  - nanopb/encode (0.3.9011)
  - PromisesObjC (1.2.8)
  - SCLAlertView (0.8)
  - SwiftIconFont (3.0.0)
  - SwiftyJSON (4.3.0)
  - TextFieldEffects (1.6.0)
  - TinyCrayon (5.0.1):
    - TinyCrayon/TCCore (= 5.0.1)
    - TinyCrayon/TCMask (= 5.0.1)
  - TinyCrayon/TCCore (5.0.1)
  - TinyCrayon/TCMask (5.0.1):
    - TinyCrayon/TCCore
  - Toucan (1.1.0)

DEPENDENCIES:
  - ALCameraViewController
  - FlexibleImage (~> 1.9)
  - Google-Mobile-Ads-SDK
  - ImageDetect
  - IQKeyboardManagerSwift
  - LGButton
  - SCLAlertView
  - SwiftIconFont
  - SwiftyJSON (~> 4.0)
  - TextFieldEffects
  - TinyCrayon
  - Toucan

SPEC REPOS:
  trunk:
    - ALCameraViewController
    - FlexibleImage
    - Google-Mobile-Ads-SDK
    - GoogleAppMeasurement
    - GoogleUtilities
    - ImageDetect
    - IQKeyboardManagerSwift
    - LGButton
    - nanopb
    - PromisesObjC
    - SCLAlertView
    - SwiftIconFont
    - SwiftyJSON
    - TextFieldEffects
    - TinyCrayon
    - Toucan

SPEC CHECKSUMS:
  ALCameraViewController: 144dea45fd749a623aafd8cb7b10cea88499fcc3
  FlexibleImage: 22bf26c42f1b6299b94bc5001e6ec310c94e6786
  Google-Mobile-Ads-SDK: 7052557293c75c676db55feb707ace9b790f32c1
  GoogleAppMeasurement: 2253e99c1f22638cf234c059144660c338ad76c3
  GoogleUtilities: 39530bc0ad980530298e9c4af8549e991fd033b1
  ImageDetect: cff4ef43d8cb22cb5bfdd3134f4224f637c3d372
  IQKeyboardManagerSwift: 2dde0fc70110e8eac7ccce2a46fdbec6a850b414
  LGButton: 9f0a7f9d3030e3f504108342f6b66d64a429371b
  nanopb: 18003b5e52dab79db540fe93fe9579f399bd1ccd
  PromisesObjC: c119f3cd559f50b7ae681fa59dc1acd19173b7e6
  SCLAlertView: 6a77bb2edfc65e04dbe57725546cb4107a506b85
  SwiftIconFont: 2ba18554a77c44948dc35b561b344e3c23834a84
  SwiftyJSON: 6faa0040f8b59dead0ee07436cbf76b73c08fd08
  TextFieldEffects: 529b8aff706fb40f82c41c780c0777941a893796
  TinyCrayon: de0d27cbfb8192ff49d716c62cb5548f595c3a0b
  Toucan: 8f228fabb21521b9658692df9325fe76e71d74b2

PODFILE CHECKSUM: 32dff2e640d0abadd565d0148ec3b4788801ee6f

COCOAPODS: 1.8.4
